{
  "nodes": {
    "flake-compat": {
      "flake": false,
      "locked": {
        "lastModified": 1650374568,
        "narHash": "sha256-Z+s0J8/r907g149rllvwhb4pKi8Wam5ij0st8PwAh+E=",
        "owner": "edolstra",
        "repo": "flake-compat",
        "rev": "b4a34015c698c7793d592d66adbab377907a2be8",
        "type": "github"
      },
      "original": {
        "owner": "edolstra",
        "repo": "flake-compat",
        "type": "github"
      }
    },
    "flake-utils": {
      "locked": {
        "lastModified": 1649676176,
        "narHash": "sha256-OWKJratjt2RW151VUlJPRALb7OU2S5s+f0vLj4o1bHM=",
        "owner": "numtide",
        "repo": "flake-utils",
        "rev": "a4b154ebbdc88c8498a5c7b01589addc9e9cb678",
        "type": "github"
      },
      "original": {
        "owner": "numtide",
        "repo": "flake-utils",
        "type": "github"
      }
    },
    "gomod2nix": {
      "inputs": {
        "nixpkgs": [
          "nixpkgs"
        ],
        "utils": "utils"
      },
      "locked": {
        "lastModified": 1641803356,
        "narHash": "sha256-ZjF43cckJLJCV9I+SXwTGNQGI52KrYwUhLt/R83TyKk=",
        "owner": "tweag",
        "repo": "gomod2nix",
        "rev": "fc5adcc53031c5a3934500a57896a840a2bd073d",
        "type": "github"
      },
      "original": {
        "owner": "tweag",
        "repo": "gomod2nix",
        "type": "github"
      }
    },
    "nixpkgs": {
      "locked": {
        "lastModified": 1651467847,
        "narHash": "sha256-sszq3khLmRlTBezrZRWno2yprRyAAUzHapZrXlpK4Fs=",
        "owner": "nixos",
        "repo": "nixpkgs",
        "rev": "df4411302893a37e8e23504fcfa8d237827af1c7",
        "type": "github"
      },
      "original": {
        "owner": "nixos",
        "ref": "master",
        "repo": "nixpkgs",
        "type": "github"
      }
    },
    "npmlock2nix": {
      "flake": false,
      "locked": {
        "lastModified": 1648735462,
        "narHash": "sha256-G22WBttdFoWp7E/YvGfePOc+W+ZsQGw+IwpFbAwJNeI=",
        "owner": "nix-community",
        "repo": "npmlock2nix",
        "rev": "dd2897c3a6e404446704a63f40b9a29fa0acf752",
        "type": "github"
      },
      "original": {
        "owner": "nix-community",
        "repo": "npmlock2nix",
        "type": "github"
      }
    },
    "photoprism": {
      "flake": false,
      "locked": {
        "lastModified": 1651425558,
        "narHash": "sha256-7ISOsxVazVejwbrHvyQBtF6igluvRaDCXRs2UdPasGg=",
        "owner": "photoprism",
        "repo": "photoprism",
        "rev": "a62f49e82481b19d4ab6d7075be97143a23c8aa6",
        "type": "github"
      },
      "original": {
        "owner": "photoprism",
        "repo": "photoprism",
        "type": "github"
      }
    },
    "root": {
      "inputs": {
        "flake-compat": "flake-compat",
        "flake-utils": "flake-utils",
        "gomod2nix": "gomod2nix",
        "nixpkgs": "nixpkgs",
        "npmlock2nix": "npmlock2nix",
        "photoprism": "photoprism"
      }
    },
    "utils": {
      "locked": {
        "lastModified": 1623875721,
        "narHash": "sha256-A8BU7bjS5GirpAUv4QA+QnJ4CceLHkcXdRp4xITDB0s=",
        "owner": "numtide",
        "repo": "flake-utils",
        "rev": "f7e004a55b120c02ecb6219596820fcd32ca8772",
        "type": "github"
      },
      "original": {
        "owner": "numtide",
        "repo": "flake-utils",
        "type": "github"
      }
    }
  },
  "root": "root",
  "version": 7
}
