{
  "nodes": {
    "flake-compat": {
      "flake": false,
      "locked": {
        "lastModified": 1648199409,
        "narHash": "sha256-JwPKdC2PoVBkG6E+eWw3j6BMR6sL3COpYWfif7RVb8Y=",
        "owner": "edolstra",
        "repo": "flake-compat",
        "rev": "64a525ee38886ab9028e6f61790de0832aa3ef03",
        "type": "github"
      },
      "original": {
        "owner": "edolstra",
        "repo": "flake-compat",
        "type": "github"
      }
    },
    "flake-utils": {
      "locked": {
        "lastModified": 1649676176,
        "narHash": "sha256-OWKJratjt2RW151VUlJPRALb7OU2S5s+f0vLj4o1bHM=",
        "owner": "numtide",
        "repo": "flake-utils",
        "rev": "a4b154ebbdc88c8498a5c7b01589addc9e9cb678",
        "type": "github"
      },
      "original": {
        "owner": "numtide",
        "repo": "flake-utils",
        "type": "github"
      }
    },
    "gomod2nix": {
      "inputs": {
        "nixpkgs": [
          "nixpkgs"
        ],
        "utils": "utils"
      },
      "locked": {
        "lastModified": 1641803356,
        "narHash": "sha256-ZjF43cckJLJCV9I+SXwTGNQGI52KrYwUhLt/R83TyKk=",
        "owner": "tweag",
        "repo": "gomod2nix",
        "rev": "fc5adcc53031c5a3934500a57896a840a2bd073d",
        "type": "github"
      },
      "original": {
        "owner": "tweag",
        "repo": "gomod2nix",
        "type": "github"
      }
    },
    "nixpkgs": {
      "locked": {
        "lastModified": 1650105440,
        "narHash": "sha256-YXKjdTLnJ19ojeuNbxS40PMkEjLTmfZ+arVvloDyLWY=",
        "owner": "nixos",
        "repo": "nixpkgs",
        "rev": "efc532dc6f6d85dc935a218f925f43e28e91d5a9",
        "type": "github"
      },
      "original": {
        "owner": "nixos",
        "ref": "master",
        "repo": "nixpkgs",
        "type": "github"
      }
    },
    "npmlock2nix": {
      "flake": false,
      "locked": {
        "lastModified": 1648735462,
        "narHash": "sha256-G22WBttdFoWp7E/YvGfePOc+W+ZsQGw+IwpFbAwJNeI=",
        "owner": "nix-community",
        "repo": "npmlock2nix",
        "rev": "dd2897c3a6e404446704a63f40b9a29fa0acf752",
        "type": "github"
      },
      "original": {
        "owner": "nix-community",
        "repo": "npmlock2nix",
        "type": "github"
      }
    },
    "photoprism": {
      "flake": false,
      "locked": {
        "lastModified": 1650030706,
        "narHash": "sha256-pQhLa4uoezhsY1lHY3sF4DcxpFhA9pXtEFWoNhuDpNw=",
        "owner": "photoprism",
        "repo": "photoprism",
        "rev": "c13fdedb726987214f928e5ce7a886642783eb93",
        "type": "github"
      },
      "original": {
        "owner": "photoprism",
        "repo": "photoprism",
        "type": "github"
      }
    },
    "root": {
      "inputs": {
        "flake-compat": "flake-compat",
        "flake-utils": "flake-utils",
        "gomod2nix": "gomod2nix",
        "nixpkgs": "nixpkgs",
        "npmlock2nix": "npmlock2nix",
        "photoprism": "photoprism"
      }
    },
    "utils": {
      "locked": {
        "lastModified": 1623875721,
        "narHash": "sha256-A8BU7bjS5GirpAUv4QA+QnJ4CceLHkcXdRp4xITDB0s=",
        "owner": "numtide",
        "repo": "flake-utils",
        "rev": "f7e004a55b120c02ecb6219596820fcd32ca8772",
        "type": "github"
      },
      "original": {
        "owner": "numtide",
        "repo": "flake-utils",
        "type": "github"
      }
    }
  },
  "root": "root",
  "version": 7
}
